
Microsoft Visual Studio Solution File, Format Version 12.00
# Visual Studio Version 16
VisualStudioVersion = 16.0.30523.141
MinimumVisualStudioVersion = 10.0.40219.1
Project("{FAE04EC0-301F-11D3-BF4B-00C04F79EFBC}") = "DemoPublisherAPI", "DemoPublisherAPI\DemoPublisherAPI.csproj", "{A4343307-BA84-44EC-A60A-5EA4F609AFC2}"
EndProject
Project("{FAE04EC0-301F-11D3-BF4B-00C04F79EFBC}") = "DemoPublisherAPI.Test", "DemoPublisherAPI.Test\DemoPublisherAPI.Test.csproj", "{7EF347A0-7285-49C2-B866-E39210D1225D}"
	ProjectSection(ProjectDependencies) = postProject
		{A4343307-BA84-44EC-A60A-5EA4F609AFC2} = {A4343307-BA84-44EC-A60A-5EA4F609AFC2}
	EndProjectSection
EndProject
Global
	GlobalSection(SolutionConfigurationPlatforms) = preSolution
		Debug|Any CPU = Debug|Any CPU
		Release|Any CPU = Release|Any CPU
	EndGlobalSection
	GlobalSection(ProjectConfigurationPlatforms) = postSolution
		{A4343307-BA84-44EC-A60A-5EA4F609AFC2}.Debug|Any CPU.ActiveCfg = Debug|Any CPU
		{A4343307-BA84-44EC-A60A-5EA4F609AFC2}.Debug|Any CPU.Build.0 = Debug|Any CPU
		{A4343307-BA84-44EC-A60A-5EA4F609AFC2}.Release|Any CPU.ActiveCfg = Release|Any CPU
		{A4343307-BA84-44EC-A60A-5EA4F609AFC2}.Release|Any CPU.Build.0 = Release|Any CPU
		{7EF347A0-7285-49C2-B866-E39210D1225D}.Debug|Any CPU.ActiveCfg = Debug|Any CPU
		{7EF347A0-7285-49C2-B866-E39210D1225D}.Debug|Any CPU.Build.0 = Debug|Any CPU
		{7EF347A0-7285-49C2-B866-E39210D1225D}.Release|Any CPU.ActiveCfg = Release|Any CPU
		{7EF347A0-7285-49C2-B866-E39210D1225D}.Release|Any CPU.Build.0 = Release|Any CPU
	EndGlobalSection
	GlobalSection(SolutionProperties) = preSolution
		HideSolutionNode = FALSE
	EndGlobalSection
	GlobalSection(ExtensibilityGlobals) = postSolution
		SolutionGuid = {2855AC37-306D-414C-9C8A-7027B83B70CE}
	EndGlobalSection
EndGlobal
